Microsoft Visual Studio Solution File, Format Version 12.00
# Visual Studio Version 16
VisualStudioVersion = 16.0.28803.452
MinimumVisualStudioVersion = 10.0.40219.1
Project("{8BC9CEB8-8B4A-11D0-8D11-00A0C91BC942}") = "libbitcoin_consensus", "libbitcoin_consensus\libbitcoin_consensus.vcxproj", "{2B384FA8-9EE1-4544-93CB-0D733C25E8CE}"
EndProject
Project("{8BC9CEB8-8B4A-11D0-8D11-00A0C91BC942}") = "bitcoind", "bitcoind\bitcoind.vcxproj", "{D4513DDF-6013-44DC-ADCC-12EAF6D1F038}"
EndProject
Project("{8BC9CEB8-8B4A-11D0-8D11-00A0C91BC942}") = "libbitcoin_util", "libbitcoin_util\libbitcoin_util.vcxproj", "{B53A5535-EE9D-4C6F-9A26-F79EE3BC3754}"
EndProject
Project("{8BC9CEB8-8B4A-11D0-8D11-00A0C91BC942}") = "libbitcoin_common", "libbitcoin_common\libbitcoin_common.vcxproj", "{7C87E378-DF58-482E-AA2F-1BC129BC19CE}"
EndProject
Project("{8BC9CEB8-8B4A-11D0-8D11-00A0C91BC942}") = "libbitcoin_crypto", "libbitcoin_crypto\libbitcoin_crypto.vcxproj", "{6190199C-6CF4-4DAD-BFBD-93FA72A760C1}"
EndProject
Project("{8BC9CEB8-8B4A-11D0-8D11-00A0C91BC942}") = "libbitcoin_node", "libbitcoin_node\libbitcoin_node.vcxproj", "{460FEE33-1FE1-483F-B3BF-931FF8E969A5}"
EndProject
